// !$*UTF8*$!
{
	archiveVersion = 1;
	classes = {
	};
	objectVersion = 46;
	objects = {

/* Begin PBXBuildFile section */
		AFBBD5D11EA27DC200270D65 /* main.m in Sources */ = {isa = PBXBuildFile; fileRef = AFBBD5D01EA27DC200270D65 /* main.m */; };
		AFBBD5D41EA27DC200270D65 /* AppDelegate.m in Sources */ = {isa = PBXBuildFile; fileRef = AFBBD5D31EA27DC200270D65 /* AppDelegate.m */; };
		AFBBD5D71EA27DC200270D65 /* ViewController.m in Sources */ = {isa = PBXBuildFile; fileRef = AFBBD5D61EA27DC200270D65 /* ViewController.m */; };
		AFBBD5DA1EA27DC200270D65 /* Main.storyboard in Resources */ = {isa = PBXBuildFile; fileRef = AFBBD5D81EA27DC200270D65 /* Main.storyboard */; };
		AFBBD5DC1EA27DC200270D65 /* Assets.xcassets in Resources */ = {isa = PBXBuildFile; fileRef = AFBBD5DB1EA27DC200270D65 /* Assets.xcassets */; };
		AFBBD5DF1EA27DC200270D65 /* LaunchScreen.storyboard in Resources */ = {isa = PBXBuildFile; fileRef = AFBBD5DD1EA27DC200270D65 /* LaunchScreen.storyboard */; };
		AFBBD5EC1EA27E0F00270D65 /* PageImageView.m in Sources */ = {isa = PBXBuildFile; fileRef = AFBBD5E91EA27E0F00270D65 /* PageImageView.m */; };
		AFBBD5F11EA27E3F00270D65 /* BannerView.m in Sources */ = {isa = PBXBuildFile; fileRef = AFBBD5EF1EA27E3F00270D65 /* BannerView.m */; };
/* End PBXBuildFile section */

/* Begin PBXFileReference section */
		AFBBD5CC1EA27DC200270D65 /* HWJBannerView.app */ = {isa = PBXFileReference; explicitFileType = wrapper.application; includeInIndex = 0; path = HWJBannerView.app; sourceTree = BUILT_PRODUCTS_DIR; };
		AFBBD5D01EA27DC200270D65 /* main.m */ = {isa = PBXFileReference; lastKnownFileType = sourcecode.c.objc; path = main.m; sourceTree = "<group>"; };
		AFBBD5D21EA27DC200270D65 /* AppDelegate.h */ = {isa = PBXFileReference; lastKnownFileType = sourcecode.c.h; path = AppDelegate.h; sourceTree = "<group>"; };
		AFBBD5D31EA27DC200270D65 /* AppDelegate.m */ = {isa = PBXFileReference; lastKnownFileType = sourcecode.c.objc; path = AppDelegate.m; sourceTree = "<group>"; };
		AFBBD5D51EA27DC200270D65 /* ViewController.h */ = {isa = PBXFileReference; lastKnownFileType = sourcecode.c.h; path = ViewController.h; sourceTree = "<group>"; };
		AFBBD5D61EA27DC200270D65 /* ViewController.m */ = {isa = PBXFileReference; lastKnownFileType = sourcecode.c.objc; path = ViewController.m; sourceTree = "<group>"; };
		AFBBD5D91EA27DC200270D65 /* Base */ = {isa = PBXFileReference; lastKnownFileType = file.storyboard; name = Base; path = Base.lproj/Main.storyboard; sourceTree = "<group>"; };
		AFBBD5DB1EA27DC200270D65 /* Assets.xcassets */ = {isa = PBXFileReference; lastKnownFileType = folder.assetcatalog; path = Assets.xcassets; sourceTree = "<group>"; };
		AFBBD5DE1EA27DC200270D65 /* Base */ = {isa = PBXFileReference; lastKnownFileType = file.storyboard; name = Base; path = Base.lproj/LaunchScreen.storyboard; sourceTree = "<group>"; };
		AFBBD5E01EA27DC200270D65 /* Info.plist */ = {isa = PBXFileReference; lastKnownFileType = text.plist.xml; path = Info.plist; sourceTree = "<group>"; };
		AFBBD5E81EA27E0F00270D65 /* PageImageView.h */ = {isa = PBXFileReference; fileEncoding = 4; lastKnownFileType = sourcecode.c.h; path = PageImageView.h; sourceTree = "<group>"; };
		AFBBD5E91EA27E0F00270D65 /* PageImageView.m */ = {isa = PBXFileReference; fileEncoding = 4; lastKnownFileType = sourcecode.c.objc; path = PageImageView.m; sourceTree = "<group>"; };
		AFBBD5EE1EA27E3F00270D65 /* BannerView.h */ = {isa = PBXFileReference; fileEncoding = 4; lastKnownFileType = sourcecode.c.h; path = BannerView.h; sourceTree = "<group>"; };
		AFBBD5EF1EA27E3F00270D65 /* BannerView.m */ = {isa = PBXFileReference; fileEncoding = 4; lastKnownFileType = sourcecode.c.objc; path = BannerView.m; sourceTree = "<group>"; };
		AFBBD5F01EA27E3F00270D65 /* PageViewDelegate.h */ = {isa = PBXFileReference; fileEncoding = 4; lastKnownFileType = sourcecode.c.h; path = PageViewDelegate.h; sourceTree = "<group>"; };
/* End PBXFileReference section */

/* Begin PBXFrameworksBuildPhase section */
		AFBBD5C91EA27DC200270D65 /* Frameworks */ = {
			isa = PBXFrameworksBuildPhase;
			buildActionMask = 2147483647;
			files = (
			);
			runOnlyForDeploymentPostprocessing = 0;
		};
/* End PBXFrameworksBuildPhase section */

/* Begin PBXGroup section */
		AFBBD5C31EA27DC200270D65 = {
			isa = PBXGroup;
			children = (
				AFBBD5CE1EA27DC200270D65 /* HWJBannerView */,
				AFBBD5CD1EA27DC200270D65 /* Products */,
			);
			sourceTree = "<group>";
		};
		AFBBD5CD1EA27DC200270D65 /* Products */ = {
			isa = PBXGroup;
			children = (
				AFBBD5CC1EA27DC200270D65 /* HWJBannerView.app */,
			);
			name = Products;
			sourceTree = "<group>";
		};
		AFBBD5CE1EA27DC200270D65 /* HWJBannerView */ = {
			isa = PBXGroup;
			children = (
				AFBBD5ED1EA27E2300270D65 /* HWJBannerView */,
				AFBBD5E81EA27E0F00270D65 /* PageImageView.h */,
				AFBBD5E91EA27E0F00270D65 /* PageImageView.m */,
				AFBBD5D21EA27DC200270D65 /* AppDelegate.h */,
				AFBBD5D31EA27DC200270D65 /* AppDelegate.m */,
				AFBBD5D51EA27DC200270D65 /* ViewController.h */,
				AFBBD5D61EA27DC200270D65 /* ViewController.m */,
				AFBBD5D81EA27DC200270D65 /* Main.storyboard */,
				AFBBD5DB1EA27DC200270D65 /* Assets.xcassets */,
				AFBBD5DD1EA27DC200270D65 /* LaunchScreen.storyboard */,
				AFBBD5E01EA27DC200270D65 /* Info.plist */,
				AFBBD5CF1EA27DC200270D65 /* Supporting Files */,
			);
			path = HWJBannerView;
			sourceTree = "<group>";
		};
		AFBBD5CF1EA27DC200270D65 /* Supporting Files */ = {
			isa = PBXGroup;
			children = (
				AFBBD5D01EA27DC200270D65 /* main.m */,
			);
			name = "Supporting Files";
			sourceTree = "<group>";
		};
		AFBBD5ED1EA27E2300270D65 /* HWJBannerView */ = {
			isa = PBXGroup;
			children = (
				AFBBD5EE1EA27E3F00270D65 /* BannerView.h */,
				AFBBD5EF1EA27E3F00270D65 /* BannerView.m */,
				AFBBD5F01EA27E3F00270D65 /* PageViewDelegate.h */,
			);
			path = HWJBannerView;
			sourceTree = "<group>";
		};
/* End PBXGroup section */

/* Begin PBXNativeTarget section */
		AFBBD5CB1EA27DC200270D65 /* HWJBannerView */ = {
			isa = PBXNativeTarget;
			buildConfigurationList = AFBBD5E31EA27DC200270D65 /* Build configuration list for PBXNativeTarget "HWJBannerView" */;
			buildPhases = (
				AFBBD5C81EA27DC200270D65 /* Sources */,
				AFBBD5C91EA27DC200270D65 /* Frameworks */,
				AFBBD5CA1EA27DC200270D65 /* Resources */,
			);
			buildRules = (
			);
			dependencies = (
			);
			name = HWJBannerView;
			productName = HWJBannerView;
			productReference = AFBBD5CC1EA27DC200270D65 /* HWJBannerView.app */;
			productType = "com.apple.product-type.application";
		};
/* End PBXNativeTarget section */

/* Begin PBXProject section */
		AFBBD5C41EA27DC200270D65 /* Project object */ = {
			isa = PBXProject;
			attributes = {
				LastUpgradeCheck = 0830;
				ORGANIZATIONNAME = JC;
				TargetAttributes = {
					AFBBD5CB1EA27DC200270D65 = {
						CreatedOnToolsVersion = 8.3.1;
						DevelopmentTeam = 3V65Z994C8;
						ProvisioningStyle = Automatic;
					};
				};
			};
			buildConfigurationList = AFBBD5C71EA27DC200270D65 /* Build configuration list for PBXProject "HWJBannerView" */;
			compatibilityVersion = "Xcode 3.2";
			developmentRegion = English;
			hasScannedForEncodings = 0;
			knownRegions = (
				en,
				Base,
			);
			mainGroup = AFBBD5C31EA27DC200270D65;
			productRefGroup = AFBBD5CD1EA27DC200270D65 /* Products */;
			projectDirPath = "";
			projectRoot = "";
			targets = (
				AFBBD5CB1EA27DC200270D65 /* HWJBannerView */,
			);
		};
/* End PBXProject section */

/* Begin PBXResourcesBuildPhase section */
		AFBBD5CA1EA27DC200270D65 /* Resources */ = {
			isa = PBXResourcesBuildPhase;
			buildActionMask = 2147483647;
			files = (
				AFBBD5DF1EA27DC200270D65 /* LaunchScreen.storyboard in Resources */,
				AFBBD5DC1EA27DC200270D65 /* Assets.xcassets in Resources */,
				AFBBD5DA1EA27DC200270D65 /* Main.storyboard in Resources */,
			);
			runOnlyForDeploymentPostprocessing = 0;
		};
/* End PBXResourcesBuildPhase section */

/* Begin PBXSourcesBuildPhase section */
		AFBBD5C81EA27DC200270D65 /* Sources */ = {
			isa = PBXSourcesBuildPhase;
			buildActionMask = 2147483647;
			files = (
				AFBBD5EC1EA27E0F00270D65 /* PageImageView.m in Sources */,
				AFBBD5D71EA27DC200270D65 /* ViewController.m in Sources */,
				AFBBD5D41EA27DC200270D65 /* AppDelegate.m in Sources */,
				AFBBD5F11EA27E3F00270D65 /* BannerView.m in Sources */,
				AFBBD5D11EA27DC200270D65 /* main.m in Sources */,
			);
			runOnlyForDeploymentPostprocessing = 0;
		};
/* End PBXSourcesBuildPhase section */

/* Begin PBXVariantGroup section */
		AFBBD5D81EA27DC200270D65 /* Main.storyboard */ = {
			isa = PBXVariantGroup;
			children = (
				AFBBD5D91EA27DC200270D65 /* Base */,
			);
			name = Main.storyboard;
			sourceTree = "<group>";
		};
		AFBBD5DD1EA27DC200270D65 /* LaunchScreen.storyboard */ = {
			isa = PBXVariantGroup;
			children = (
				AFBBD5DE1EA27DC200270D65 /* Base */,
			);
			name = LaunchScreen.storyboard;
			sourceTree = "<group>";
		};
/* End PBXVariantGroup section */

/* Begin XCBuildConfiguration section */
		AFBBD5E11EA27DC200270D65 /* Debug */ = {
			isa = XCBuildConfiguration;
			buildSettings = {
				ALWAYS_SEARCH_USER_PATHS = NO;
				CLANG_ANALYZER_NONNULL = YES;
				CLANG_ANALYZER_NUMBER_OBJECT_CONVERSION = YES_AGGRESSIVE;
				CLANG_CXX_LANGUAGE_STANDARD = "gnu++0x";
				CLANG_CXX_LIBRARY = "libc++";
				CLANG_ENABLE_MODULES = YES;
				CLANG_ENABLE_OBJC_ARC = YES;
				CLANG_WARN_BOOL_CONVERSION = YES;
				CLANG_WARN_CONSTANT_CONVERSION = YES;
				CLANG_WARN_DIRECT_OBJC_ISA_USAGE = YES_ERROR;
				CLANG_WARN_DOCUMENTATION_COMMENTS = YES;
				CLANG_WARN_EMPTY_BODY = YES;
				CLANG_WARN_ENUM_CONVERSION = YES;
				CLANG_WARN_INFINITE_RECURSION = YES;
				CLANG_WARN_INT_CONVERSION = YES;
				CLANG_WARN_OBJC_ROOT_CLASS = YES_ERROR;
				CLANG_WARN_SUSPICIOUS_MOVE = YES;
				CLANG_WARN_UNREACHABLE_CODE = YES;
				CLANG_WARN__DUPLICATE_METHOD_MATCH = YES;
				"CODE_SIGN_IDENTITY[sdk=iphoneos*]" = "iPhone Developer";
				COPY_PHASE_STRIP = NO;
				DEBUG_INFORMATION_FORMAT = dwarf;
				ENABLE_STRICT_OBJC_MSGSEND = YES;
				ENABLE_TESTABILITY = YES;
				GCC_C_LANGUAGE_STANDARD = gnu99;
				GCC_DYNAMIC_NO_PIC = NO;
				GCC_NO_COMMON_BLOCKS = YES;
				GCC_OPTIMIZATION_LEVEL = 0;
				GCC_PREPROCESSOR_DEFINITIONS = (
					"DEBUG=1",
					"$(inherited)",
				);
				GCC_WARN_64_TO_32_BIT_CONVERSION = YES;
				GCC_WARN_ABOUT_RETURN_TYPE = YES_ERROR;
				GCC_WARN_UNDECLARED_SELECTOR = YES;
				GCC_WARN_UNINITIALIZED_AUTOS = YES_AGGRESSIVE;
				GCC_WARN_UNUSED_FUNCTION = YES;
				GCC_WARN_UNUSED_VARIABLE = YES;
				IPHONEOS_DEPLOYMENT_TARGET = 10.3;
				MTL_ENABLE_DEBUG_INFO = YES;
				ONLY_ACTIVE_ARCH = YES;
				SDKROOT = iphoneos;
			};
			name = Debug;
		};
		AFBBD5E21EA27DC200270D65 /* Release */ = {
			isa = XCBuildConfiguration;
			buildSettings = {
				ALWAYS_SEARCH_USER_PATHS = NO;
				CLANG_ANALYZER_NONNULL = YES;
				CLANG_ANALYZER_NUMBER_OBJECT_CONVERSION = YES_AGGRESSIVE;
				CLANG_CXX_LANGUAGE_STANDARD = "gnu++0x";
				CLANG_CXX_LIBRARY = "libc++";
				CLANG_ENABLE_MODULES = YES;
				CLANG_ENABLE_OBJC_ARC = YES;
				CLANG_WARN_BOOL_CONVERSION = YES;
				CLANG_WARN_CONSTANT_CONVERSION = YES;
				CLANG_WARN_DIRECT_OBJC_ISA_USAGE = YES_ERROR;
				CLANG_WARN_DOCUMENTATION_COMMENTS = YES;
				CLANG_WARN_EMPTY_BODY = YES;
				CLANG_WARN_ENUM_CONVERSION = YES;
				CLANG_WARN_INFINITE_RECURSION = YES;
				CLANG_WARN_INT_CONVERSION = YES;
				CLANG_WARN_OBJC_ROOT_CLASS = YES_ERROR;
				CLANG_WARN_SUSPICIOUS_MOVE = YES;
				CLANG_WARN_UNREACHABLE_CODE = YES;
				CLANG_WARN__DUPLICATE_METHOD_MATCH = YES;
				"CODE_SIGN_IDENTITY[sdk=iphoneos*]" = "iPhone Developer";
				COPY_PHASE_STRIP = NO;
				DEBUG_INFORMATION_FORMAT = "dwarf-with-dsym";
				ENABLE_NS_ASSERTIONS = NO;
				ENABLE_STRICT_OBJC_MSGSEND = YES;
				GCC_C_LANGUAGE_STANDARD = gnu99;
				GCC_NO_COMMON_BLOCKS = YES;
				GCC_WARN_64_TO_32_BIT_CONVERSION = YES;
				GCC_WARN_ABOUT_RETURN_TYPE = YES_ERROR;
				GCC_WARN_UNDECLARED_SELECTOR = YES;
				GCC_WARN_UNINITIALIZED_AUTOS = YES_AGGRESSIVE;
				GCC_WARN_UNUSED_FUNCTION = YES;
				GCC_WARN_UNUSED_VARIABLE = YES;
				IPHONEOS_DEPLOYMENT_TARGET = 10.3;
				MTL_ENABLE_DEBUG_INFO = NO;
				SDKROOT = iphoneos;
				VALIDATE_PRODUCT = YES;
			};
			name = Release;
		};
		AFBBD5E41EA27DC200270D65 /* Debug */ = {
			isa = XCBuildConfiguration;
			buildSettings = {
				ASSETCATALOG_COMPILER_APPICON_NAME = AppIcon;
				DEVELOPMENT_TEAM = 3V65Z994C8;
				INFOPLIST_FILE = HWJBannerView/Info.plist;
				IPHONEOS_DEPLOYMENT_TARGET = 8.0;
				LD_RUNPATH_SEARCH_PATHS = "$(inherited) @executable_path/Frameworks";
				PRODUCT_BUNDLE_IDENTIFIER = com.jc.HWJBannerView;
				PRODUCT_NAME = "$(TARGET_NAME)";
			};
			name = Debug;
		};
		AFBBD5E51EA27DC200270D65 /* Release */ = {
			isa = XCBuildConfiguration;
			buildSettings = {
				ASSETCATALOG_COMPILER_APPICON_NAME = AppIcon;
				DEVELOPMENT_TEAM = 3V65Z994C8;
				INFOPLIST_FILE = HWJBannerView/Info.plist;
				IPHONEOS_DEPLOYMENT_TARGET = 8.0;
				LD_RUNPATH_SEARCH_PATHS = "$(inherited) @executable_path/Frameworks";
				PRODUCT_BUNDLE_IDENTIFIER = com.jc.HWJBannerView;
				PRODUCT_NAME = "$(TARGET_NAME)";
			};
			name = Release;
		};
/* End XCBuildConfiguration section */

/* Begin XCConfigurationList section */
		AFBBD5C71EA27DC200270D65 /* Build configuration list for PBXProject "HWJBannerView" */ = {
			isa = XCConfigurationList;
			buildConfigurations = (
				AFBBD5E11EA27DC200270D65 /* Debug */,
				AFBBD5E21EA27DC200270D65 /* Release */,
			);
			defaultConfigurationIsVisible = 0;
			defaultConfigurationName = Release;
		};
		AFBBD5E31EA27DC200270D65 /* Build configuration list for PBXNativeTarget "HWJBannerView" */ = {
			isa = XCConfigurationList;
			buildConfigurations = (
				AFBBD5E41EA27DC200270D65 /* Debug */,
				AFBBD5E51EA27DC200270D65 /* Release */,
			);
			defaultConfigurationIsVisible = 0;
		};
/* End XCConfigurationList section */
	};
	rootObject = AFBBD5C41EA27DC200270D65 /* Project object */;
}
